// !$*UTF8*$!
{
	archiveVersion = 1;
	classes = {
	};
	objectVersion = 46;
	objects = {

/* Begin PBXBuildFile section */
		90208CC71F0E89D8002DAD48 /* AppDelegate.swift in Sources */ = {isa = PBXBuildFile; fileRef = 90208CC61F0E89D8002DAD48 /* AppDelegate.swift */; };
		90208CC91F0E89D8002DAD48 /* ViewController.swift in Sources */ = {isa = PBXBuildFile; fileRef = 90208CC81F0E89D8002DAD48 /* ViewController.swift */; };
		90208CCC1F0E89D8002DAD48 /* Main.storyboard in Resources */ = {isa = PBXBuildFile; fileRef = 90208CCA1F0E89D8002DAD48 /* Main.storyboard */; };
		90208CCE1F0E89D8002DAD48 /* Assets.xcassets in Resources */ = {isa = PBXBuildFile; fileRef = 90208CCD1F0E89D8002DAD48 /* Assets.xcassets */; };
		90208CD11F0E89D8002DAD48 /* LaunchScreen.storyboard in Resources */ = {isa = PBXBuildFile; fileRef = 90208CCF1F0E89D8002DAD48 /* LaunchScreen.storyboard */; };
		90208CD91F0E8E43002DAD48 /* Song.mp3 in Resources */ = {isa = PBXBuildFile; fileRef = 90208CD81F0E8E43002DAD48 /* Song.mp3 */; };
/* End PBXBuildFile section */

/* Begin PBXFileReference section */
		90208CC31F0E89D8002DAD48 /* AudioPlayer.SampleProject.app */ = {isa = PBXFileReference; explicitFileType = wrapper.application; includeInIndex = 0; path = AudioPlayer.SampleProject.app; sourceTree = BUILT_PRODUCTS_DIR; };
		90208CC61F0E89D8002DAD48 /* AppDelegate.swift */ = {isa = PBXFileReference; lastKnownFileType = sourcecode.swift; path = AppDelegate.swift; sourceTree = "<group>"; };
		90208CC81F0E89D8002DAD48 /* ViewController.swift */ = {isa = PBXFileReference; lastKnownFileType = sourcecode.swift; path = ViewController.swift; sourceTree = "<group>"; };
		90208CCB1F0E89D8002DAD48 /* Base */ = {isa = PBXFileReference; lastKnownFileType = file.storyboard; name = Base; path = Base.lproj/Main.storyboard; sourceTree = "<group>"; };
		90208CCD1F0E89D8002DAD48 /* Assets.xcassets */ = {isa = PBXFileReference; lastKnownFileType = folder.assetcatalog; path = Assets.xcassets; sourceTree = "<group>"; };
		90208CD01F0E89D8002DAD48 /* Base */ = {isa = PBXFileReference; lastKnownFileType = file.storyboard; name = Base; path = Base.lproj/LaunchScreen.storyboard; sourceTree = "<group>"; };
		90208CD21F0E89D8002DAD48 /* Info.plist */ = {isa = PBXFileReference; lastKnownFileType = text.plist.xml; path = Info.plist; sourceTree = "<group>"; };
		90208CD81F0E8E43002DAD48 /* Song.mp3 */ = {isa = PBXFileReference; lastKnownFileType = audio.mp3; path = Song.mp3; sourceTree = "<group>"; };
/* End PBXFileReference section */

/* Begin PBXFrameworksBuildPhase section */
		90208CC01F0E89D7002DAD48 /* Frameworks */ = {
			isa = PBXFrameworksBuildPhase;
			buildActionMask = 2147483647;
			files = (
			);
			runOnlyForDeploymentPostprocessing = 0;
		};
/* End PBXFrameworksBuildPhase section */

/* Begin PBXGroup section */
		90208CBA1F0E89D7002DAD48 = {
			isa = PBXGroup;
			children = (
				90208CC51F0E89D8002DAD48 /* AudioPlayer.SampleProject */,
				90208CC41F0E89D8002DAD48 /* Products */,
			);
			sourceTree = "<group>";
		};
		90208CC41F0E89D8002DAD48 /* Products */ = {
			isa = PBXGroup;
			children = (
				90208CC31F0E89D8002DAD48 /* AudioPlayer.SampleProject.app */,
			);
			name = Products;
			sourceTree = "<group>";
		};
		90208CC51F0E89D8002DAD48 /* AudioPlayer.SampleProject */ = {
			isa = PBXGroup;
			children = (
				90208CC61F0E89D8002DAD48 /* AppDelegate.swift */,
				90208CC81F0E89D8002DAD48 /* ViewController.swift */,
				90208CCA1F0E89D8002DAD48 /* Main.storyboard */,
				90208CCD1F0E89D8002DAD48 /* Assets.xcassets */,
				90208CD81F0E8E43002DAD48 /* Song.mp3 */,
				90208CCF1F0E89D8002DAD48 /* LaunchScreen.storyboard */,
				90208CD21F0E89D8002DAD48 /* Info.plist */,
			);
			path = AudioPlayer.SampleProject;
			sourceTree = "<group>";
		};
/* End PBXGroup section */

/* Begin PBXNativeTarget section */
		90208CC21F0E89D7002DAD48 /* AudioPlayer.SampleProject */ = {
			isa = PBXNativeTarget;
			buildConfigurationList = 90208CD51F0E89D8002DAD48 /* Build configuration list for PBXNativeTarget "AudioPlayer.SampleProject" */;
			buildPhases = (
				90208CBF1F0E89D7002DAD48 /* Sources */,
				90208CC01F0E89D7002DAD48 /* Frameworks */,
				90208CC11F0E89D7002DAD48 /* Resources */,
			);
			buildRules = (
			);
			dependencies = (
			);
			name = AudioPlayer.SampleProject;
			productName = AudioPlayer.SampleProject;
			productReference = 90208CC31F0E89D8002DAD48 /* AudioPlayer.SampleProject.app */;
			productType = "com.apple.product-type.application";
		};
/* End PBXNativeTarget section */

/* Begin PBXProject section */
		90208CBB1F0E89D7002DAD48 /* Project object */ = {
			isa = PBXProject;
			attributes = {
				LastSwiftUpdateCheck = 0820;
				LastUpgradeCheck = 0820;
				ORGANIZATIONNAME = "Francis Jemuel Bergonia";
				TargetAttributes = {
					90208CC21F0E89D7002DAD48 = {
						CreatedOnToolsVersion = 8.2.1;
						ProvisioningStyle = Automatic;
					};
				};
			};
			buildConfigurationList = 90208CBE1F0E89D7002DAD48 /* Build configuration list for PBXProject "AudioPlayer.SampleProject" */;
			compatibilityVersion = "Xcode 3.2";
			developmentRegion = English;
			hasScannedForEncodings = 0;
			knownRegions = (
				en,
				Base,
			);
			mainGroup = 90208CBA1F0E89D7002DAD48;
			productRefGroup = 90208CC41F0E89D8002DAD48 /* Products */;
			projectDirPath = "";
			projectRoot = "";
			targets = (
				90208CC21F0E89D7002DAD48 /* AudioPlayer.SampleProject */,
			);
		};
/* End PBXProject section */

/* Begin PBXResourcesBuildPhase section */
		90208CC11F0E89D7002DAD48 /* Resources */ = {
			isa = PBXResourcesBuildPhase;
			buildActionMask = 2147483647;
			files = (
				90208CD11F0E89D8002DAD48 /* LaunchScreen.storyboard in Resources */,
				90208CD91F0E8E43002DAD48 /* Song.mp3 in Resources */,
				90208CCE1F0E89D8002DAD48 /* Assets.xcassets in Resources */,
				90208CCC1F0E89D8002DAD48 /* Main.storyboard in Resources */,
			);
			runOnlyForDeploymentPostprocessing = 0;
		};
/* End PBXResourcesBuildPhase section */

/* Begin PBXSourcesBuildPhase section */
		90208CBF1F0E89D7002DAD48 /* Sources */ = {
			isa = PBXSourcesBuildPhase;
			buildActionMask = 2147483647;
			files = (
				90208CC91F0E89D8002DAD48 /* ViewController.swift in Sources */,
				90208CC71F0E89D8002DAD48 /* AppDelegate.swift in Sources */,
			);
			runOnlyForDeploymentPostprocessing = 0;
		};
/* End PBXSourcesBuildPhase section */

/* Begin PBXVariantGroup section */
		90208CCA1F0E89D8002DAD48 /* Main.storyboard */ = {
			isa = PBXVariantGroup;
			children = (
				90208CCB1F0E89D8002DAD48 /* Base */,
			);
			name = Main.storyboard;
			sourceTree = "<group>";
		};
		90208CCF1F0E89D8002DAD48 /* LaunchScreen.storyboard */ = {
			isa = PBXVariantGroup;
			children = (
				90208CD01F0E89D8002DAD48 /* Base */,
			);
			name = LaunchScreen.storyboard;
			sourceTree = "<group>";
		};
/* End PBXVariantGroup section */

/* Begin XCBuildConfiguration section */
		90208CD31F0E89D8002DAD48 /* Debug */ = {
			isa = XCBuildConfiguration;
			buildSettings = {
				ALWAYS_SEARCH_USER_PATHS = NO;
				CLANG_ANALYZER_NONNULL = YES;
				CLANG_CXX_LANGUAGE_STANDARD = "gnu++0x";
				CLANG_CXX_LIBRARY = "libc++";
				CLANG_ENABLE_MODULES = YES;
				CLANG_ENABLE_OBJC_ARC = YES;
				CLANG_WARN_BOOL_CONVERSION = YES;
				CLANG_WARN_CONSTANT_CONVERSION = YES;
				CLANG_WARN_DIRECT_OBJC_ISA_USAGE = YES_ERROR;
				CLANG_WARN_DOCUMENTATION_COMMENTS = YES;
				CLANG_WARN_EMPTY_BODY = YES;
				CLANG_WARN_ENUM_CONVERSION = YES;
				CLANG_WARN_INFINITE_RECURSION = YES;
				CLANG_WARN_INT_CONVERSION = YES;
				CLANG_WARN_OBJC_ROOT_CLASS = YES_ERROR;
				CLANG_WARN_SUSPICIOUS_MOVE = YES;
				CLANG_WARN_UNREACHABLE_CODE = YES;
				CLANG_WARN__DUPLICATE_METHOD_MATCH = YES;
				"CODE_SIGN_IDENTITY[sdk=iphoneos*]" = "iPhone Developer";
				COPY_PHASE_STRIP = NO;
				DEBUG_INFORMATION_FORMAT = dwarf;
				ENABLE_STRICT_OBJC_MSGSEND = YES;
				ENABLE_TESTABILITY = YES;
				GCC_C_LANGUAGE_STANDARD = gnu99;
				GCC_DYNAMIC_NO_PIC = NO;
				GCC_NO_COMMON_BLOCKS = YES;
				GCC_OPTIMIZATION_LEVEL = 0;
				GCC_PREPROCESSOR_DEFINITIONS = (
					"DEBUG=1",
					"$(inherited)",
				);
				GCC_WARN_64_TO_32_BIT_CONVERSION = YES;
				GCC_WARN_ABOUT_RETURN_TYPE = YES_ERROR;
				GCC_WARN_UNDECLARED_SELECTOR = YES;
				GCC_WARN_UNINITIALIZED_AUTOS = YES_AGGRESSIVE;
				GCC_WARN_UNUSED_FUNCTION = YES;
				GCC_WARN_UNUSED_VARIABLE = YES;
				IPHONEOS_DEPLOYMENT_TARGET = 10.2;
				MTL_ENABLE_DEBUG_INFO = YES;
				ONLY_ACTIVE_ARCH = YES;
				SDKROOT = iphoneos;
				SWIFT_ACTIVE_COMPILATION_CONDITIONS = DEBUG;
				SWIFT_OPTIMIZATION_LEVEL = "-Onone";
			};
			name = Debug;
		};
		90208CD41F0E89D8002DAD48 /* Release */ = {
			isa = XCBuildConfiguration;
			buildSettings = {
				ALWAYS_SEARCH_USER_PATHS = NO;
				CLANG_ANALYZER_NONNULL = YES;
				CLANG_CXX_LANGUAGE_STANDARD = "gnu++0x";
				CLANG_CXX_LIBRARY = "libc++";
				CLANG_ENABLE_MODULES = YES;
				CLANG_ENABLE_OBJC_ARC = YES;
				CLANG_WARN_BOOL_CONVERSION = YES;
				CLANG_WARN_CONSTANT_CONVERSION = YES;
				CLANG_WARN_DIRECT_OBJC_ISA_USAGE = YES_ERROR;
				CLANG_WARN_DOCUMENTATION_COMMENTS = YES;
				CLANG_WARN_EMPTY_BODY = YES;
				CLANG_WARN_ENUM_CONVERSION = YES;
				CLANG_WARN_INFINITE_RECURSION = YES;
				CLANG_WARN_INT_CONVERSION = YES;
				CLANG_WARN_OBJC_ROOT_CLASS = YES_ERROR;
				CLANG_WARN_SUSPICIOUS_MOVE = YES;
				CLANG_WARN_UNREACHABLE_CODE = YES;
				CLANG_WARN__DUPLICATE_METHOD_MATCH = YES;
				"CODE_SIGN_IDENTITY[sdk=iphoneos*]" = "iPhone Developer";
				COPY_PHASE_STRIP = NO;
				DEBUG_INFORMATION_FORMAT = "dwarf-with-dsym";
				ENABLE_NS_ASSERTIONS = NO;
				ENABLE_STRICT_OBJC_MSGSEND = YES;
				GCC_C_LANGUAGE_STANDARD = gnu99;
				GCC_NO_COMMON_BLOCKS = YES;
				GCC_WARN_64_TO_32_BIT_CONVERSION = YES;
				GCC_WARN_ABOUT_RETURN_TYPE = YES_ERROR;
				GCC_WARN_UNDECLARED_SELECTOR = YES;
				GCC_WARN_UNINITIALIZED_AUTOS = YES_AGGRESSIVE;
				GCC_WARN_UNUSED_FUNCTION = YES;
				GCC_WARN_UNUSED_VARIABLE = YES;
				IPHONEOS_DEPLOYMENT_TARGET = 10.2;
				MTL_ENABLE_DEBUG_INFO = NO;
				SDKROOT = iphoneos;
				SWIFT_OPTIMIZATION_LEVEL = "-Owholemodule";
				VALIDATE_PRODUCT = YES;
			};
			name = Release;
		};
		90208CD61F0E89D8002DAD48 /* Debug */ = {
			isa = XCBuildConfiguration;
			buildSettings = {
				ASSETCATALOG_COMPILER_APPICON_NAME = AppIcon;
				INFOPLIST_FILE = AudioPlayer.SampleProject/Info.plist;
				LD_RUNPATH_SEARCH_PATHS = "$(inherited) @executable_path/Frameworks";
				PRODUCT_BUNDLE_IDENTIFIER = "com.XiApps.AudioPlayer-SampleProject";
				PRODUCT_NAME = "$(TARGET_NAME)";
				SWIFT_VERSION = 3.0;
			};
			name = Debug;
		};
		90208CD71F0E89D8002DAD48 /* Release */ = {
			isa = XCBuildConfiguration;
			buildSettings = {
				ASSETCATALOG_COMPILER_APPICON_NAME = AppIcon;
				INFOPLIST_FILE = AudioPlayer.SampleProject/Info.plist;
				LD_RUNPATH_SEARCH_PATHS = "$(inherited) @executable_path/Frameworks";
				PRODUCT_BUNDLE_IDENTIFIER = "com.XiApps.AudioPlayer-SampleProject";
				PRODUCT_NAME = "$(TARGET_NAME)";
				SWIFT_VERSION = 3.0;
			};
			name = Release;
		};
/* End XCBuildConfiguration section */

/* Begin XCConfigurationList section */
		90208CBE1F0E89D7002DAD48 /* Build configuration list for PBXProject "AudioPlayer.SampleProject" */ = {
			isa = XCConfigurationList;
			buildConfigurations = (
				90208CD31F0E89D8002DAD48 /* Debug */,
				90208CD41F0E89D8002DAD48 /* Release */,
			);
			defaultConfigurationIsVisible = 0;
			defaultConfigurationName = Release;
		};
		90208CD51F0E89D8002DAD48 /* Build configuration list for PBXNativeTarget "AudioPlayer.SampleProject" */ = {
			isa = XCConfigurationList;
			buildConfigurations = (
				90208CD61F0E89D8002DAD48 /* Debug */,
				90208CD71F0E89D8002DAD48 /* Release */,
			);
			defaultConfigurationIsVisible = 0;
		};
/* End XCConfigurationList section */
	};
	rootObject = 90208CBB1F0E89D7002DAD48 /* Project object */;
}
